
Microsoft Visual Studio Solution File, Format Version 12.00
# Visual Studio 2012
Project("{FAE04EC0-301F-11D3-BF4B-00C04F79EFBC}") = "class_with_testing", "class_with_testing\class_with_testing.csproj", "{050BA316-A9D1-4936-816D-61907FDBA49D}"
EndProject
Global
	GlobalSection(SolutionConfigurationPlatforms) = preSolution
		Debug|Any CPU = Debug|Any CPU
		Release|Any CPU = Release|Any CPU
	EndGlobalSection
	GlobalSection(ProjectConfigurationPlatforms) = postSolution
		{050BA316-A9D1-4936-816D-61907FDBA49D}.Debug|Any CPU.ActiveCfg = Debug|Any CPU
		{050BA316-A9D1-4936-816D-61907FDBA49D}.Debug|Any CPU.Build.0 = Debug|Any CPU
		{050BA316-A9D1-4936-816D-61907FDBA49D}.Release|Any CPU.ActiveCfg = Release|Any CPU
		{050BA316-A9D1-4936-816D-61907FDBA49D}.Release|Any CPU.Build.0 = Release|Any CPU
	EndGlobalSection
EndGlobal
