
Microsoft Visual Studio Solution File, Format Version 12.00
# Visual Studio 2012
Project("{FAE04EC0-301F-11D3-BF4B-00C04F79EFBC}") = "jewel_thief", "jewel_thief\jewel_thief.csproj", "{FE01353F-1BDC-4D5A-8932-55DCE375454F}"
EndProject
Global
	GlobalSection(SolutionConfigurationPlatforms) = preSolution
		Debug|Any CPU = Debug|Any CPU
		Release|Any CPU = Release|Any CPU
	EndGlobalSection
	GlobalSection(ProjectConfigurationPlatforms) = postSolution
		{FE01353F-1BDC-4D5A-8932-55DCE375454F}.Debug|Any CPU.ActiveCfg = Debug|Any CPU
		{FE01353F-1BDC-4D5A-8932-55DCE375454F}.Debug|Any CPU.Build.0 = Debug|Any CPU
		{FE01353F-1BDC-4D5A-8932-55DCE375454F}.Release|Any CPU.ActiveCfg = Release|Any CPU
		{FE01353F-1BDC-4D5A-8932-55DCE375454F}.Release|Any CPU.Build.0 = Release|Any CPU
	EndGlobalSection
EndGlobal
